
Microsoft Visual Studio Solution File, Format Version 12.00
# Visual Studio 15
VisualStudioVersion = 15.0.27130.2027
MinimumVisualStudioVersion = 10.0.40219.1
Project("{8BC9CEB8-8B4A-11D0-8D11-00A0C91BC942}") = "learncpp", "learncpp\learncpp.vcxproj", "{5C3379D6-1479-4E93-B461-3E13EF04370C}"
EndProject
Global
	GlobalSection(SolutionConfigurationPlatforms) = preSolution
		Debug|x64 = Debug|x64
		Debug|x86 = Debug|x86
		Release|x64 = Release|x64
		Release|x86 = Release|x86
	EndGlobalSection
	GlobalSection(ProjectConfigurationPlatforms) = postSolution
		{5C3379D6-1479-4E93-B461-3E13EF04370C}.Debug|x64.ActiveCfg = Debug|x64
		{5C3379D6-1479-4E93-B461-3E13EF04370C}.Debug|x64.Build.0 = Debug|x64
		{5C3379D6-1479-4E93-B461-3E13EF04370C}.Debug|x86.ActiveCfg = Debug|Win32
		{5C3379D6-1479-4E93-B461-3E13EF04370C}.Debug|x86.Build.0 = Debug|Win32
		{5C3379D6-1479-4E93-B461-3E13EF04370C}.Release|x64.ActiveCfg = Release|x64
		{5C3379D6-1479-4E93-B461-3E13EF04370C}.Release|x64.Build.0 = Release|x64
		{5C3379D6-1479-4E93-B461-3E13EF04370C}.Release|x86.ActiveCfg = Release|Win32
		{5C3379D6-1479-4E93-B461-3E13EF04370C}.Release|x86.Build.0 = Release|Win32
	EndGlobalSection
	GlobalSection(SolutionProperties) = preSolution
		HideSolutionNode = FALSE
	EndGlobalSection
	GlobalSection(ExtensibilityGlobals) = postSolution
		SolutionGuid = {3E7F8268-2FA9-4266-8779-1D5A70BCD532}
	EndGlobalSection
EndGlobal
